
Microsoft Visual Studio Solution File, Format Version 12.00
# Visual Studio Version 17
VisualStudioVersion = 17.3.32929.385
MinimumVisualStudioVersion = 10.0.40219.1
Project("{9A19103F-16F7-4668-BE54-9A1E7A4F7556}") = "Day1", "Day1\Day1.csproj", "{9FC36826-713C-454B-B959-2F621815CC59}"
EndProject
Project("{9A19103F-16F7-4668-BE54-9A1E7A4F7556}") = "Day2", "Day2\Day2.csproj", "{1FF05E0C-D9D3-4E55-BADA-84974AA0FE3B}"
EndProject
Project("{9A19103F-16F7-4668-BE54-9A1E7A4F7556}") = "Day3", "Day3\Day3.csproj", "{EB44D8B6-AFD0-48AE-A842-BC8540CB9463}"
EndProject
Project("{9A19103F-16F7-4668-BE54-9A1E7A4F7556}") = "Day4", "Day4\Day4.csproj", "{CC8D2A11-07AC-4746-85B8-D126C2C74311}"
EndProject
Project("{9A19103F-16F7-4668-BE54-9A1E7A4F7556}") = "Day5", "Day5\Day5.csproj", "{0B8902A3-A7E2-43BC-86FA-82B25C45E9AB}"
EndProject
Project("{9A19103F-16F7-4668-BE54-9A1E7A4F7556}") = "Day6", "Day6\Day6.csproj", "{AD8EC305-A1C6-44E4-906C-6F6208BEC635}"
EndProject
Project("{9A19103F-16F7-4668-BE54-9A1E7A4F7556}") = "Day7", "Day7\Day7.csproj", "{667D0F1E-4604-4D5C-8AEA-3B8DE90270CF}"
EndProject
Project("{9A19103F-16F7-4668-BE54-9A1E7A4F7556}") = "Day8", "Day8\Day8.csproj", "{978D03D0-9EBC-49CB-AC13-F6E0F5B702C4}"
EndProject
Project("{FAE04EC0-301F-11D3-BF4B-00C04F79EFBC}") = "Day9", "Day9\Day9.csproj", "{E594F7FA-A966-48D0-9A1B-CC84533FD0A6}"
EndProject
Global
	GlobalSection(SolutionConfigurationPlatforms) = preSolution
		Debug|Any CPU = Debug|Any CPU
		Release|Any CPU = Release|Any CPU
	EndGlobalSection
	GlobalSection(ProjectConfigurationPlatforms) = postSolution
		{9FC36826-713C-454B-B959-2F621815CC59}.Debug|Any CPU.ActiveCfg = Debug|Any CPU
		{9FC36826-713C-454B-B959-2F621815CC59}.Debug|Any CPU.Build.0 = Debug|Any CPU
		{9FC36826-713C-454B-B959-2F621815CC59}.Release|Any CPU.ActiveCfg = Release|Any CPU
		{9FC36826-713C-454B-B959-2F621815CC59}.Release|Any CPU.Build.0 = Release|Any CPU
		{1FF05E0C-D9D3-4E55-BADA-84974AA0FE3B}.Debug|Any CPU.ActiveCfg = Debug|Any CPU
		{1FF05E0C-D9D3-4E55-BADA-84974AA0FE3B}.Debug|Any CPU.Build.0 = Debug|Any CPU
		{1FF05E0C-D9D3-4E55-BADA-84974AA0FE3B}.Release|Any CPU.ActiveCfg = Release|Any CPU
		{1FF05E0C-D9D3-4E55-BADA-84974AA0FE3B}.Release|Any CPU.Build.0 = Release|Any CPU
		{EB44D8B6-AFD0-48AE-A842-BC8540CB9463}.Debug|Any CPU.ActiveCfg = Debug|Any CPU
		{EB44D8B6-AFD0-48AE-A842-BC8540CB9463}.Debug|Any CPU.Build.0 = Debug|Any CPU
		{EB44D8B6-AFD0-48AE-A842-BC8540CB9463}.Release|Any CPU.ActiveCfg = Release|Any CPU
		{EB44D8B6-AFD0-48AE-A842-BC8540CB9463}.Release|Any CPU.Build.0 = Release|Any CPU
		{CC8D2A11-07AC-4746-85B8-D126C2C74311}.Debug|Any CPU.ActiveCfg = Debug|Any CPU
		{CC8D2A11-07AC-4746-85B8-D126C2C74311}.Debug|Any CPU.Build.0 = Debug|Any CPU
		{CC8D2A11-07AC-4746-85B8-D126C2C74311}.Release|Any CPU.ActiveCfg = Release|Any CPU
		{CC8D2A11-07AC-4746-85B8-D126C2C74311}.Release|Any CPU.Build.0 = Release|Any CPU
		{0B8902A3-A7E2-43BC-86FA-82B25C45E9AB}.Debug|Any CPU.ActiveCfg = Debug|Any CPU
		{0B8902A3-A7E2-43BC-86FA-82B25C45E9AB}.Debug|Any CPU.Build.0 = Debug|Any CPU
		{0B8902A3-A7E2-43BC-86FA-82B25C45E9AB}.Release|Any CPU.ActiveCfg = Release|Any CPU
		{0B8902A3-A7E2-43BC-86FA-82B25C45E9AB}.Release|Any CPU.Build.0 = Release|Any CPU
		{AD8EC305-A1C6-44E4-906C-6F6208BEC635}.Debug|Any CPU.ActiveCfg = Debug|Any CPU
		{AD8EC305-A1C6-44E4-906C-6F6208BEC635}.Debug|Any CPU.Build.0 = Debug|Any CPU
		{AD8EC305-A1C6-44E4-906C-6F6208BEC635}.Release|Any CPU.ActiveCfg = Release|Any CPU
		{AD8EC305-A1C6-44E4-906C-6F6208BEC635}.Release|Any CPU.Build.0 = Release|Any CPU
		{667D0F1E-4604-4D5C-8AEA-3B8DE90270CF}.Debug|Any CPU.ActiveCfg = Debug|Any CPU
		{667D0F1E-4604-4D5C-8AEA-3B8DE90270CF}.Debug|Any CPU.Build.0 = Debug|Any CPU
		{667D0F1E-4604-4D5C-8AEA-3B8DE90270CF}.Release|Any CPU.ActiveCfg = Release|Any CPU
		{667D0F1E-4604-4D5C-8AEA-3B8DE90270CF}.Release|Any CPU.Build.0 = Release|Any CPU
		{978D03D0-9EBC-49CB-AC13-F6E0F5B702C4}.Debug|Any CPU.ActiveCfg = Debug|Any CPU
		{978D03D0-9EBC-49CB-AC13-F6E0F5B702C4}.Debug|Any CPU.Build.0 = Debug|Any CPU
		{978D03D0-9EBC-49CB-AC13-F6E0F5B702C4}.Release|Any CPU.ActiveCfg = Release|Any CPU
		{978D03D0-9EBC-49CB-AC13-F6E0F5B702C4}.Release|Any CPU.Build.0 = Release|Any CPU
		{E594F7FA-A966-48D0-9A1B-CC84533FD0A6}.Debug|Any CPU.ActiveCfg = Debug|Any CPU
		{E594F7FA-A966-48D0-9A1B-CC84533FD0A6}.Debug|Any CPU.Build.0 = Debug|Any CPU
		{E594F7FA-A966-48D0-9A1B-CC84533FD0A6}.Release|Any CPU.ActiveCfg = Release|Any CPU
		{E594F7FA-A966-48D0-9A1B-CC84533FD0A6}.Release|Any CPU.Build.0 = Release|Any CPU
	EndGlobalSection
	GlobalSection(SolutionProperties) = preSolution
		HideSolutionNode = FALSE
	EndGlobalSection
	GlobalSection(ExtensibilityGlobals) = postSolution
		SolutionGuid = {E45C45FF-AE6F-4BDD-9CFC-50E262B5C556}
	EndGlobalSection
EndGlobal
